
Microsoft Visual Studio Solution File, Format Version 12.00
# Visual Studio Version 17
VisualStudioVersion = 17.8.34316.72
MinimumVisualStudioVersion = 10.0.40219.1
Project("{FAE04EC0-301F-11D3-BF4B-00C04F79EFBC}") = "SomethingStrangeForTinkoff", "SomethingStrangeForTinkoff.csproj", "{C928F468-1DD5-4A1B-8D3E-48D65C4C47C5}"
EndProject
Global
	GlobalSection(SolutionConfigurationPlatforms) = preSolution
		Debug|Any CPU = Debug|Any CPU
		Release|Any CPU = Release|Any CPU
	EndGlobalSection
	GlobalSection(ProjectConfigurationPlatforms) = postSolution
		{C928F468-1DD5-4A1B-8D3E-48D65C4C47C5}.Debug|Any CPU.ActiveCfg = Debug|Any CPU
		{C928F468-1DD5-4A1B-8D3E-48D65C4C47C5}.Debug|Any CPU.Build.0 = Debug|Any CPU
		{C928F468-1DD5-4A1B-8D3E-48D65C4C47C5}.Release|Any CPU.ActiveCfg = Release|Any CPU
		{C928F468-1DD5-4A1B-8D3E-48D65C4C47C5}.Release|Any CPU.Build.0 = Release|Any CPU
	EndGlobalSection
	GlobalSection(SolutionProperties) = preSolution
		HideSolutionNode = FALSE
	EndGlobalSection
	GlobalSection(ExtensibilityGlobals) = postSolution
		SolutionGuid = {08CED5B0-21ED-489C-89F5-98DFD381A9A8}
	EndGlobalSection
EndGlobal
